
Microsoft Visual Studio Solution File, Format Version 12.00
Project("{FAE04EC0-301F-11D3-BF4B-00C04F79EFBC}") = "Zoo_Daniel", "Zoo_Daniel.csproj", "{134A52AB-22F8-4C53-8459-771C94A90431}"
EndProject
Global
	GlobalSection(SolutionConfigurationPlatforms) = preSolution
		Debug|Any CPU = Debug|Any CPU
		Release|Any CPU = Release|Any CPU
	EndGlobalSection
	GlobalSection(ProjectConfigurationPlatforms) = postSolution
		{134A52AB-22F8-4C53-8459-771C94A90431}.Debug|Any CPU.ActiveCfg = Debug|Any CPU
		{134A52AB-22F8-4C53-8459-771C94A90431}.Debug|Any CPU.Build.0 = Debug|Any CPU
		{134A52AB-22F8-4C53-8459-771C94A90431}.Release|Any CPU.ActiveCfg = Release|Any CPU
		{134A52AB-22F8-4C53-8459-771C94A90431}.Release|Any CPU.Build.0 = Release|Any CPU
	EndGlobalSection
EndGlobal
